PODS:
  - News (0.1.0):
    - R.swift
  - R.swift (4.0.0):
    - R.swift.Library (~> 4.0.0)
  - R.swift.Library (4.0.0)
  - Settings (0.1.0):
    - R.swift

DEPENDENCIES:
  - News (from `LocalPods/News`)
  - R.swift (~> 4.0.0)
  - Settings (from `LocalPods/Settings`)

SPEC REPOS:
  https://github.com/cocoapods/specs.git:
    - R.swift
    - R.swift.Library

EXTERNAL SOURCES:
  News:
    :path: LocalPods/News
  Settings:
    :path: LocalPods/Settings

SPEC CHECKSUMS:
  News: 5610c9b9ff2a727159182fe1a1fbee72ced21065
  R.swift: d6a5ec2f55a8441dc0ed9f1f8b37d7d11ae85c66
  R.swift.Library: c3af34921024333546e23b70e70d0b4e0cffca75
  Settings: e634023b8c09deba5a6e8cc9fa6f59baa8654d66

PODFILE CHECKSUM: d8f0fd2060a50a163921d8fd3f1e64d89118cdf2

COCOAPODS: 1.5.3
